
Microsoft Visual Studio Solution File, Format Version 12.00
# Visual Studio Version 17
VisualStudioVersion = 17.1.32319.34
MinimumVisualStudioVersion = 10.0.40219.1
Project("{FAE04EC0-301F-11D3-BF4B-00C04F79EFBC}") = "LoopsProj", "LoopsProj\LoopsProj.csproj", "{2DCC5A03-922E-4504-9E6C-57644BC9E6CA}"
EndProject
Global
	GlobalSection(SolutionConfigurationPlatforms) = preSolution
		Debug|Any CPU = Debug|Any CPU
		Release|Any CPU = Release|Any CPU
	EndGlobalSection
	GlobalSection(ProjectConfigurationPlatforms) = postSolution
		{2DCC5A03-922E-4504-9E6C-57644BC9E6CA}.Debug|Any CPU.ActiveCfg = Debug|Any CPU
		{2DCC5A03-922E-4504-9E6C-57644BC9E6CA}.Debug|Any CPU.Build.0 = Debug|Any CPU
		{2DCC5A03-922E-4504-9E6C-57644BC9E6CA}.Release|Any CPU.ActiveCfg = Release|Any CPU
		{2DCC5A03-922E-4504-9E6C-57644BC9E6CA}.Release|Any CPU.Build.0 = Release|Any CPU
	EndGlobalSection
	GlobalSection(SolutionProperties) = preSolution
		HideSolutionNode = FALSE
	EndGlobalSection
	GlobalSection(ExtensibilityGlobals) = postSolution
		SolutionGuid = {3A1421ED-C98B-4B6F-8D78-58B448F1F149}
	EndGlobalSection
EndGlobal
